// !$*UTF8*$!
{
	archiveVersion = 1;
	classes = {
	};
	objectVersion = 46;
	objects = {

/* Begin PBXBuildFile section */
		83F6840D0CF416166FF22FCB /* libPods-PhotobombersNew.a in Frameworks */ = {isa = PBXBuildFile; fileRef = 32953CAF51983F08790F260E /* libPods-PhotobombersNew.a */; };
		A5474BE41CA619480044634B /* main.m in Sources */ = {isa = PBXBuildFile; fileRef = A5474BE31CA619480044634B /* main.m */; };
		A5474BE71CA619480044634B /* AppDelegate.m in Sources */ = {isa = PBXBuildFile; fileRef = A5474BE61CA619480044634B /* AppDelegate.m */; };
		A5474BEF1CA619480044634B /* Images.xcassets in Resources */ = {isa = PBXBuildFile; fileRef = A5474BEE1CA619480044634B /* Images.xcassets */; };
		A5474BFE1CA619490044634B /* PhotobombersNewTests.m in Sources */ = {isa = PBXBuildFile; fileRef = A5474BFD1CA619490044634B /* PhotobombersNewTests.m */; };
		A5474C091CA620EF0044634B /* ABCollectionViewController.m in Sources */ = {isa = PBXBuildFile; fileRef = A5474C081CA620EF0044634B /* ABCollectionViewController.m */; };
		A5474C0D1CA621170044634B /* ABPhotoCell.m in Sources */ = {isa = PBXBuildFile; fileRef = A5474C0C1CA621170044634B /* ABPhotoCell.m */; };
		A5F2E4DD1CA6F2E60047FD37 /* Default-568h@2x.png in Resources */ = {isa = PBXBuildFile; fileRef = A5F2E4DC1CA6F2E60047FD37 /* Default-568h@2x.png */; };
/* End PBXBuildFile section */

/* Begin PBXContainerItemProxy section */
		A5474BF81CA619490044634B /* PBXContainerItemProxy */ = {
			isa = PBXContainerItemProxy;
			containerPortal = A5474BD61CA619480044634B /* Project object */;
			proxyType = 1;
			remoteGlobalIDString = A5474BDD1CA619480044634B;
			remoteInfo = PhotobombersNew;
		};
/* End PBXContainerItemProxy section */

/* Begin PBXFileReference section */
		32953CAF51983F08790F260E /* libPods-PhotobombersNew.a */ = {isa = PBXFileReference; explicitFileType = archive.ar; includeInIndex = 0; path = "libPods-PhotobombersNew.a"; sourceTree = BUILT_PRODUCTS_DIR; };
		8ECB27B9A07628AF9F8A132E /* Pods-PhotobombersNew.debug.xcconfig */ = {isa = PBXFileReference; includeInIndex = 1; lastKnownFileType = text.xcconfig; name = "Pods-PhotobombersNew.debug.xcconfig"; path = "Pods/Target Support Files/Pods-PhotobombersNew/Pods-PhotobombersNew.debug.xcconfig"; sourceTree = "<group>"; };
		A5474BDE1CA619480044634B /* PhotobombersNew.app */ = {isa = PBXFileReference; explicitFileType = wrapper.application; includeInIndex = 0; path = PhotobombersNew.app; sourceTree = BUILT_PRODUCTS_DIR; };
		A5474BE21CA619480044634B /* Info.plist */ = {isa = PBXFileReference; lastKnownFileType = text.plist.xml; path = Info.plist; sourceTree = "<group>"; };
		A5474BE31CA619480044634B /* main.m */ = {isa = PBXFileReference; lastKnownFileType = sourcecode.c.objc; path = main.m; sourceTree = "<group>"; };
		A5474BE51CA619480044634B /* AppDelegate.h */ = {isa = PBXFileReference; lastKnownFileType = sourcecode.c.h; path = AppDelegate.h; sourceTree = "<group>"; };
		A5474BE61CA619480044634B /* AppDelegate.m */ = {isa = PBXFileReference; lastKnownFileType = sourcecode.c.objc; path = AppDelegate.m; sourceTree = "<group>"; };
		A5474BEE1CA619480044634B /* Images.xcassets */ = {isa = PBXFileReference; lastKnownFileType = folder.assetcatalog; path = Images.xcassets; sourceTree = "<group>"; };
		A5474BF71CA619490044634B /* PhotobombersNewTests.xctest */ = {isa = PBXFileReference; explicitFileType = wrapper.cfbundle; includeInIndex = 0; path = PhotobombersNewTests.xctest; sourceTree = BUILT_PRODUCTS_DIR; };
		A5474BFC1CA619490044634B /* Info.plist */ = {isa = PBXFileReference; lastKnownFileType = text.plist.xml; path = Info.plist; sourceTree = "<group>"; };
		A5474BFD1CA619490044634B /* PhotobombersNewTests.m */ = {isa = PBXFileReference; lastKnownFileType = sourcecode.c.objc; path = PhotobombersNewTests.m; sourceTree = "<group>"; };
		A5474C081CA620EF0044634B /* ABCollectionViewController.m */ = {isa = PBXFileReference; fileEncoding = 4; lastKnownFileType = sourcecode.c.objc; path = ABCollectionViewController.m; sourceTree = "<group>"; };
		A5474C0A1CA621010044634B /* ABCollectionViewController.h */ = {isa = PBXFileReference; lastKnownFileType = sourcecode.c.h; path = ABCollectionViewController.h; sourceTree = "<group>"; };
		A5474C0B1CA6210B0044634B /* ABPhotoCell.h */ = {isa = PBXFileReference; lastKnownFileType = sourcecode.c.h; path = ABPhotoCell.h; sourceTree = "<group>"; };
		A5474C0C1CA621170044634B /* ABPhotoCell.m */ = {isa = PBXFileReference; fileEncoding = 4; lastKnownFileType = sourcecode.c.objc; path = ABPhotoCell.m; sourceTree = "<group>"; };
		A5474C0E1CA6277D0044634B /* PodFile */ = {isa = PBXFileReference; lastKnownFileType = text; path = PodFile; sourceTree = "<group>"; };
		A5F2E4DB1CA6E9750047FD37 /* PrefixHeader.pch */ = {isa = PBXFileReference; lastKnownFileType = sourcecode.c.h; path = PrefixHeader.pch; sourceTree = "<group>"; };
		A5F2E4DC1CA6F2E60047FD37 /* Default-568h@2x.png */ = {isa = PBXFileReference; lastKnownFileType = image.png; path = "Default-568h@2x.png"; sourceTree = "<group>"; };
		FF07A49614FE96264A50A55E /* Pods-PhotobombersNew.release.xcconfig */ = {isa = PBXFileReference; includeInIndex = 1; lastKnownFileType = text.xcconfig; name = "Pods-PhotobombersNew.release.xcconfig"; path = "Pods/Target Support Files/Pods-PhotobombersNew/Pods-PhotobombersNew.release.xcconfig"; sourceTree = "<group>"; };
/* End PBXFileReference section */

/* Begin PBXFrameworksBuildPhase section */
		A5474BDB1CA619480044634B /* Frameworks */ = {
			isa = PBXFrameworksBuildPhase;
			buildActionMask = 2147483647;
			files = (
				83F6840D0CF416166FF22FCB /* libPods-PhotobombersNew.a in Frameworks */,
			);
			runOnlyForDeploymentPostprocessing = 0;
		};
		A5474BF41CA619480044634B /* Frameworks */ = {
			isa = PBXFrameworksBuildPhase;
			buildActionMask = 2147483647;
			files = (
			);
			runOnlyForDeploymentPostprocessing = 0;
		};
/* End PBXFrameworksBuildPhase section */

/* Begin PBXGroup section */
		418509F4B43FEE7F38695080 /* Pods */ = {
			isa = PBXGroup;
			children = (
				8ECB27B9A07628AF9F8A132E /* Pods-PhotobombersNew.debug.xcconfig */,
				FF07A49614FE96264A50A55E /* Pods-PhotobombersNew.release.xcconfig */,
			);
			name = Pods;
			sourceTree = "<group>";
		};
		42857DBAC77A4F34AC6A7FC9 /* Frameworks */ = {
			isa = PBXGroup;
			children = (
				32953CAF51983F08790F260E /* libPods-PhotobombersNew.a */,
			);
			name = Frameworks;
			sourceTree = "<group>";
		};
		A5474BD51CA619480044634B = {
			isa = PBXGroup;
			children = (
				A5F2E4DC1CA6F2E60047FD37 /* Default-568h@2x.png */,
				A5474C0E1CA6277D0044634B /* PodFile */,
				A5474BE01CA619480044634B /* PhotobombersNew */,
				A5474BFA1CA619490044634B /* PhotobombersNewTests */,
				A5474BDF1CA619480044634B /* Products */,
				418509F4B43FEE7F38695080 /* Pods */,
				42857DBAC77A4F34AC6A7FC9 /* Frameworks */,
			);
			sourceTree = "<group>";
		};
		A5474BDF1CA619480044634B /* Products */ = {
			isa = PBXGroup;
			children = (
				A5474BDE1CA619480044634B /* PhotobombersNew.app */,
				A5474BF71CA619490044634B /* PhotobombersNewTests.xctest */,
			);
			name = Products;
			sourceTree = "<group>";
		};
		A5474BE01CA619480044634B /* PhotobombersNew */ = {
			isa = PBXGroup;
			children = (
				A5474BE51CA619480044634B /* AppDelegate.h */,
				A5474BE61CA619480044634B /* AppDelegate.m */,
				A5474C0A1CA621010044634B /* ABCollectionViewController.h */,
				A5474C081CA620EF0044634B /* ABCollectionViewController.m */,
				A5474C0B1CA6210B0044634B /* ABPhotoCell.h */,
				A5474C0C1CA621170044634B /* ABPhotoCell.m */,
				A5474BEE1CA619480044634B /* Images.xcassets */,
				A5474BE11CA619480044634B /* Supporting Files */,
			);
			path = PhotobombersNew;
			sourceTree = "<group>";
		};
		A5474BE11CA619480044634B /* Supporting Files */ = {
			isa = PBXGroup;
			children = (
				A5474BE21CA619480044634B /* Info.plist */,
				A5474BE31CA619480044634B /* main.m */,
				A5F2E4DB1CA6E9750047FD37 /* PrefixHeader.pch */,
			);
			name = "Supporting Files";
			sourceTree = "<group>";
		};
		A5474BFA1CA619490044634B /* PhotobombersNewTests */ = {
			isa = PBXGroup;
			children = (
				A5474BFD1CA619490044634B /* PhotobombersNewTests.m */,
				A5474BFB1CA619490044634B /* Supporting Files */,
			);
			path = PhotobombersNewTests;
			sourceTree = "<group>";
		};
		A5474BFB1CA619490044634B /* Supporting Files */ = {
			isa = PBXGroup;
			children = (
				A5474BFC1CA619490044634B /* Info.plist */,
			);
			name = "Supporting Files";
			sourceTree = "<group>";
		};
/* End PBXGroup section */

/* Begin PBXNativeTarget section */
		A5474BDD1CA619480044634B /* PhotobombersNew */ = {
			isa = PBXNativeTarget;
			buildConfigurationList = A5474C011CA619490044634B /* Build configuration list for PBXNativeTarget "PhotobombersNew" */;
			buildPhases = (
				AC373830511EC2D203D3A872 /* 📦 Check Pods Manifest.lock */,
				A5474BDA1CA619480044634B /* Sources */,
				A5474BDB1CA619480044634B /* Frameworks */,
				A5474BDC1CA619480044634B /* Resources */,
				C4B43D963BB4FAAA9197E44C /* 📦 Embed Pods Frameworks */,
				E1FA9B69EF55B1EE25D0945B /* 📦 Copy Pods Resources */,
			);
			buildRules = (
			);
			dependencies = (
			);
			name = PhotobombersNew;
			productName = PhotobombersNew;
			productReference = A5474BDE1CA619480044634B /* PhotobombersNew.app */;
			productType = "com.apple.product-type.application";
		};
		A5474BF61CA619480044634B /* PhotobombersNewTests */ = {
			isa = PBXNativeTarget;
			buildConfigurationList = A5474C041CA619490044634B /* Build configuration list for PBXNativeTarget "PhotobombersNewTests" */;
			buildPhases = (
				A5474BF31CA619480044634B /* Sources */,
				A5474BF41CA619480044634B /* Frameworks */,
				A5474BF51CA619480044634B /* Resources */,
			);
			buildRules = (
			);
			dependencies = (
				A5474BF91CA619490044634B /* PBXTargetDependency */,
			);
			name = PhotobombersNewTests;
			productName = PhotobombersNewTests;
			productReference = A5474BF71CA619490044634B /* PhotobombersNewTests.xctest */;
			productType = "com.apple.product-type.bundle.unit-test";
		};
/* End PBXNativeTarget section */

/* Begin PBXProject section */
		A5474BD61CA619480044634B /* Project object */ = {
			isa = PBXProject;
			attributes = {
				LastUpgradeCheck = 0610;
				ORGANIZATIONNAME = "Arama Brown";
				TargetAttributes = {
					A5474BDD1CA619480044634B = {
						CreatedOnToolsVersion = 6.1.1;
					};
					A5474BF61CA619480044634B = {
						CreatedOnToolsVersion = 6.1.1;
						TestTargetID = A5474BDD1CA619480044634B;
					};
				};
			};
			buildConfigurationList = A5474BD91CA619480044634B /* Build configuration list for PBXProject "PhotobombersNew" */;
			compatibilityVersion = "Xcode 3.2";
			developmentRegion = English;
			hasScannedForEncodings = 0;
			knownRegions = (
				en,
				Base,
			);
			mainGroup = A5474BD51CA619480044634B;
			productRefGroup = A5474BDF1CA619480044634B /* Products */;
			projectDirPath = "";
			projectRoot = "";
			targets = (
				A5474BDD1CA619480044634B /* PhotobombersNew */,
				A5474BF61CA619480044634B /* PhotobombersNewTests */,
			);
		};
/* End PBXProject section */

/* Begin PBXResourcesBuildPhase section */
		A5474BDC1CA619480044634B /* Resources */ = {
			isa = PBXResourcesBuildPhase;
			buildActionMask = 2147483647;
			files = (
				A5474BEF1CA619480044634B /* Images.xcassets in Resources */,
				A5F2E4DD1CA6F2E60047FD37 /* Default-568h@2x.png in Resources */,
			);
			runOnlyForDeploymentPostprocessing = 0;
		};
		A5474BF51CA619480044634B /* Resources */ = {
			isa = PBXResourcesBuildPhase;
			buildActionMask = 2147483647;
			files = (
			);
			runOnlyForDeploymentPostprocessing = 0;
		};
/* End PBXResourcesBuildPhase section */

/* Begin PBXShellScriptBuildPhase section */
		AC373830511EC2D203D3A872 /* 📦 Check Pods Manifest.lock */ = {
			isa = PBXShellScriptBuildPhase;
			buildActionMask = 2147483647;
			files = (
			);
			inputPaths = (
			);
			name = "📦 Check Pods Manifest.lock";
			outputPaths = (
			);
			runOnlyForDeploymentPostprocessing = 0;
			shellPath = /bin/sh;
			shellScript = "diff \"${PODS_ROOT}/../Podfile.lock\" \"${PODS_ROOT}/Manifest.lock\" > /dev/null\nif [[ $? != 0 ]] ; then\n    cat << EOM\nerror: The sandbox is not in sync with the Podfile.lock. Run 'pod install' or update your CocoaPods installation.\nEOM\n    exit 1\nfi\n";
			showEnvVarsInLog = 0;
		};
		C4B43D963BB4FAAA9197E44C /* 📦 Embed Pods Frameworks */ = {
			isa = PBXShellScriptBuildPhase;
			buildActionMask = 2147483647;
			files = (
			);
			inputPaths = (
			);
			name = "📦 Embed Pods Frameworks";
			outputPaths = (
			);
			runOnlyForDeploymentPostprocessing = 0;
			shellPath = /bin/sh;
			shellScript = "\"${SRCROOT}/Pods/Target Support Files/Pods-PhotobombersNew/Pods-PhotobombersNew-frameworks.sh\"\n";
			showEnvVarsInLog = 0;
		};
		E1FA9B69EF55B1EE25D0945B /* 📦 Copy Pods Resources */ = {
			isa = PBXShellScriptBuildPhase;
			buildActionMask = 2147483647;
			files = (
			);
			inputPaths = (
			);
			name = "📦 Copy Pods Resources";
			outputPaths = (
			);
			runOnlyForDeploymentPostprocessing = 0;
			shellPath = /bin/sh;
			shellScript = "\"${SRCROOT}/Pods/Target Support Files/Pods-PhotobombersNew/Pods-PhotobombersNew-resources.sh\"\n";
			showEnvVarsInLog = 0;
		};
/* End PBXShellScriptBuildPhase section */

/* Begin PBXSourcesBuildPhase section */
		A5474BDA1CA619480044634B /* Sources */ = {
			isa = PBXSourcesBuildPhase;
			buildActionMask = 2147483647;
			files = (
				A5474C0D1CA621170044634B /* ABPhotoCell.m in Sources */,
				A5474C091CA620EF0044634B /* ABCollectionViewController.m in Sources */,
				A5474BE71CA619480044634B /* AppDelegate.m in Sources */,
				A5474BE41CA619480044634B /* main.m in Sources */,
			);
			runOnlyForDeploymentPostprocessing = 0;
		};
		A5474BF31CA619480044634B /* Sources */ = {
			isa = PBXSourcesBuildPhase;
			buildActionMask = 2147483647;
			files = (
				A5474BFE1CA619490044634B /* PhotobombersNewTests.m in Sources */,
			);
			runOnlyForDeploymentPostprocessing = 0;
		};
/* End PBXSourcesBuildPhase section */

/* Begin PBXTargetDependency section */
		A5474BF91CA619490044634B /* PBXTargetDependency */ = {
			isa = PBXTargetDependency;
			target = A5474BDD1CA619480044634B /* PhotobombersNew */;
			targetProxy = A5474BF81CA619490044634B /* PBXContainerItemProxy */;
		};
/* End PBXTargetDependency section */

/* Begin XCBuildConfiguration section */
		A5474BFF1CA619490044634B /* Debug */ = {
			isa = XCBuildConfiguration;
			buildSettings = {
				ALWAYS_SEARCH_USER_PATHS = NO;
				CLANG_CXX_LANGUAGE_STANDARD = "gnu++0x";
				CLANG_CXX_LIBRARY = "libc++";
				CLANG_ENABLE_MODULES = YES;
				CLANG_ENABLE_OBJC_ARC = YES;
				CLANG_WARN_BOOL_CONVERSION = YES;
				CLANG_WARN_CONSTANT_CONVERSION = YES;
				CLANG_WARN_DIRECT_OBJC_ISA_USAGE = YES_ERROR;
				CLANG_WARN_EMPTY_BODY = YES;
				CLANG_WARN_ENUM_CONVERSION = YES;
				CLANG_WARN_INT_CONVERSION = YES;
				CLANG_WARN_OBJC_ROOT_CLASS = YES_ERROR;
				CLANG_WARN_UNREACHABLE_CODE = YES;
				CLANG_WARN__DUPLICATE_METHOD_MATCH = YES;
				"CODE_SIGN_IDENTITY[sdk=iphoneos*]" = "iPhone Developer";
				COPY_PHASE_STRIP = NO;
				ENABLE_STRICT_OBJC_MSGSEND = YES;
				GCC_C_LANGUAGE_STANDARD = gnu99;
				GCC_DYNAMIC_NO_PIC = NO;
				GCC_OPTIMIZATION_LEVEL = 0;
				GCC_PREPROCESSOR_DEFINITIONS = (
					"DEBUG=1",
					"$(inherited)",
				);
				GCC_SYMBOLS_PRIVATE_EXTERN = NO;
				GCC_WARN_64_TO_32_BIT_CONVERSION = YES;
				GCC_WARN_ABOUT_RETURN_TYPE = YES_ERROR;
				GCC_WARN_UNDECLARED_SELECTOR = YES;
				GCC_WARN_UNINITIALIZED_AUTOS = YES_AGGRESSIVE;
				GCC_WARN_UNUSED_FUNCTION = YES;
				GCC_WARN_UNUSED_VARIABLE = YES;
				IPHONEOS_DEPLOYMENT_TARGET = 8.1;
				MTL_ENABLE_DEBUG_INFO = YES;
				ONLY_ACTIVE_ARCH = YES;
				SDKROOT = iphoneos;
			};
			name = Debug;
		};
		A5474C001CA619490044634B /* Release */ = {
			isa = XCBuildConfiguration;
			buildSettings = {
				ALWAYS_SEARCH_USER_PATHS = NO;
				CLANG_CXX_LANGUAGE_STANDARD = "gnu++0x";
				CLANG_CXX_LIBRARY = "libc++";
				CLANG_ENABLE_MODULES = YES;
				CLANG_ENABLE_OBJC_ARC = YES;
				CLANG_WARN_BOOL_CONVERSION = YES;
				CLANG_WARN_CONSTANT_CONVERSION = YES;
				CLANG_WARN_DIRECT_OBJC_ISA_USAGE = YES_ERROR;
				CLANG_WARN_EMPTY_BODY = YES;
				CLANG_WARN_ENUM_CONVERSION = YES;
				CLANG_WARN_INT_CONVERSION = YES;
				CLANG_WARN_OBJC_ROOT_CLASS = YES_ERROR;
				CLANG_WARN_UNREACHABLE_CODE = YES;
				CLANG_WARN__DUPLICATE_METHOD_MATCH = YES;
				"CODE_SIGN_IDENTITY[sdk=iphoneos*]" = "iPhone Developer";
				COPY_PHASE_STRIP = YES;
				ENABLE_NS_ASSERTIONS = NO;
				ENABLE_STRICT_OBJC_MSGSEND = YES;
				GCC_C_LANGUAGE_STANDARD = gnu99;
				GCC_WARN_64_TO_32_BIT_CONVERSION = YES;
				GCC_WARN_ABOUT_RETURN_TYPE = YES_ERROR;
				GCC_WARN_UNDECLARED_SELECTOR = YES;
				GCC_WARN_UNINITIALIZED_AUTOS = YES_AGGRESSIVE;
				GCC_WARN_UNUSED_FUNCTION = YES;
				GCC_WARN_UNUSED_VARIABLE = YES;
				IPHONEOS_DEPLOYMENT_TARGET = 8.1;
				MTL_ENABLE_DEBUG_INFO = NO;
				SDKROOT = iphoneos;
				VALIDATE_PRODUCT = YES;
			};
			name = Release;
		};
		A5474C021CA619490044634B /* Debug */ = {
			isa = XCBuildConfiguration;
			baseConfigurationReference = 8ECB27B9A07628AF9F8A132E /* Pods-PhotobombersNew.debug.xcconfig */;
			buildSettings = {
				ASSETCATALOG_COMPILER_APPICON_NAME = AppIcon;
				GCC_PRECOMPILE_PREFIX_HEADER = YES;
				GCC_PREFIX_HEADER = PhotobombersNew/PrefixHeader.pch;
				INFOPLIST_FILE = PhotobombersNew/Info.plist;
				LD_RUNPATH_SEARCH_PATHS = "$(inherited) @executable_path/Frameworks";
				PRODUCT_NAME = "$(TARGET_NAME)";
			};
			name = Debug;
		};
		A5474C031CA619490044634B /* Release */ = {
			isa = XCBuildConfiguration;
			baseConfigurationReference = FF07A49614FE96264A50A55E /* Pods-PhotobombersNew.release.xcconfig */;
			buildSettings = {
				ASSETCATALOG_COMPILER_APPICON_NAME = AppIcon;
				GCC_PRECOMPILE_PREFIX_HEADER = YES;
				GCC_PREFIX_HEADER = PhotobombersNew/PrefixHeader.pch;
				INFOPLIST_FILE = PhotobombersNew/Info.plist;
				LD_RUNPATH_SEARCH_PATHS = "$(inherited) @executable_path/Frameworks";
				PRODUCT_NAME = "$(TARGET_NAME)";
			};
			name = Release;
		};
		A5474C051CA619490044634B /* Debug */ = {
			isa = XCBuildConfiguration;
			buildSettings = {
				BUNDLE_LOADER = "$(TEST_HOST)";
				FRAMEWORK_SEARCH_PATHS = (
					"$(SDKROOT)/Developer/Library/Frameworks",
					"$(inherited)",
				);
				GCC_PREPROCESSOR_DEFINITIONS = (
					"DEBUG=1",
					"$(inherited)",
				);
				INFOPLIST_FILE = PhotobombersNewTests/Info.plist;
				LD_RUNPATH_SEARCH_PATHS = "$(inherited) @executable_path/Frameworks @loader_path/Frameworks";
				PRODUCT_NAME = "$(TARGET_NAME)";
				TEST_HOST = "$(BUILT_PRODUCTS_DIR)/PhotobombersNew.app/PhotobombersNew";
			};
			name = Debug;
		};
		A5474C061CA619490044634B /* Release */ = {
			isa = XCBuildConfiguration;
			buildSettings = {
				BUNDLE_LOADER = "$(TEST_HOST)";
				FRAMEWORK_SEARCH_PATHS = (
					"$(SDKROOT)/Developer/Library/Frameworks",
					"$(inherited)",
				);
				INFOPLIST_FILE = PhotobombersNewTests/Info.plist;
				LD_RUNPATH_SEARCH_PATHS = "$(inherited) @executable_path/Frameworks @loader_path/Frameworks";
				PRODUCT_NAME = "$(TARGET_NAME)";
				TEST_HOST = "$(BUILT_PRODUCTS_DIR)/PhotobombersNew.app/PhotobombersNew";
			};
			name = Release;
		};
/* End XCBuildConfiguration section */

/* Begin XCConfigurationList section */
		A5474BD91CA619480044634B /* Build configuration list for PBXProject "PhotobombersNew" */ = {
			isa = XCConfigurationList;
			buildConfigurations = (
				A5474BFF1CA619490044634B /* Debug */,
				A5474C001CA619490044634B /* Release */,
			);
			defaultConfigurationIsVisible = 0;
			defaultConfigurationName = Release;
		};
		A5474C011CA619490044634B /* Build configuration list for PBXNativeTarget "PhotobombersNew" */ = {
			isa = XCConfigurationList;
			buildConfigurations = (
				A5474C021CA619490044634B /* Debug */,
				A5474C031CA619490044634B /* Release */,
			);
			defaultConfigurationIsVisible = 0;
			defaultConfigurationName = Release;
		};
		A5474C041CA619490044634B /* Build configuration list for PBXNativeTarget "PhotobombersNewTests" */ = {
			isa = XCConfigurationList;
			buildConfigurations = (
				A5474C051CA619490044634B /* Debug */,
				A5474C061CA619490044634B /* Release */,
			);
			defaultConfigurationIsVisible = 0;
			defaultConfigurationName = Release;
		};
/* End XCConfigurationList section */
	};
	rootObject = A5474BD61CA619480044634B /* Project object */;
}
